
Microsoft Visual Studio Solution File, Format Version 12.00
# Visual Studio Version 16
VisualStudioVersion = 16.0.33423.256
MinimumVisualStudioVersion = 10.0.40219.1
Project("{8BC9CEB8-8B4A-11D0-8D11-00A0C91BC942}") = "VectorDrawing", "VectorDrawing\VectorDrawing.vcxproj", "{47653EAA-CEE6-4C30-BCFE-A52C3652A906}"
EndProject
Global
	GlobalSection(SolutionConfigurationPlatforms) = preSolution
		Debug|x64 = Debug|x64
		Debug|x86 = Debug|x86
		Release|x64 = Release|x64
		Release|x86 = Release|x86
	EndGlobalSection
	GlobalSection(ProjectConfigurationPlatforms) = postSolution
		{47653EAA-CEE6-4C30-BCFE-A52C3652A906}.Debug|x64.ActiveCfg = Debug|x64
		{47653EAA-CEE6-4C30-BCFE-A52C3652A906}.Debug|x64.Build.0 = Debug|x64
		{47653EAA-CEE6-4C30-BCFE-A52C3652A906}.Debug|x86.ActiveCfg = Debug|Win32
		{47653EAA-CEE6-4C30-BCFE-A52C3652A906}.Debug|x86.Build.0 = Debug|Win32
		{47653EAA-CEE6-4C30-BCFE-A52C3652A906}.Release|x64.ActiveCfg = Release|x64
		{47653EAA-CEE6-4C30-BCFE-A52C3652A906}.Release|x64.Build.0 = Release|x64
		{47653EAA-CEE6-4C30-BCFE-A52C3652A906}.Release|x86.ActiveCfg = Release|Win32
		{47653EAA-CEE6-4C30-BCFE-A52C3652A906}.Release|x86.Build.0 = Release|Win32
	EndGlobalSection
	GlobalSection(SolutionProperties) = preSolution
		HideSolutionNode = FALSE
	EndGlobalSection
	GlobalSection(ExtensibilityGlobals) = postSolution
		SolutionGuid = {6F276E7C-5AEC-4FCB-A410-F6F50DB336DA}
	EndGlobalSection
EndGlobal
