<?xml version="1.0" encoding="utf-8"?>
<Project ToolsVersion="4.0" xmlns="http://schemas.microsoft.com/developer/msbuild/2003">
  <ItemGroup>
    <Filter Include="源文件">
      <UniqueIdentifier>{4FC737F1-C7A5-4376-A066-2A32D752A2FF}</UniqueIdentifier>
      <Extensions>cpp;c;cc;cxx;c++;cppm;ixx;def;odl;idl;hpj;bat;asm;asmx</Extensions>
    </Filter>
    <Filter Include="头文件">
      <UniqueIdentifier>{93995380-89BD-4b04-88EB-625FBE52EBFB}</UniqueIdentifier>
      <Extensions>h;hh;hpp;hxx;h++;hm;inl;inc;ipp;xsd</Extensions>
    </Filter>
    <Filter Include="资源文件">
      <UniqueIdentifier>{67DA6AB6-F800-4c08-8B7A-83BB121AAD01}</UniqueIdentifier>
      <Extensions>rc;ico;cur;bmp;dlg;rc2;rct;bin;rgs;gif;jpg;jpeg;jpe;resx;tiff;tif;png;wav;mfcribbon-ms</Extensions>
    </Filter>
  </ItemGroup>
  <ItemGroup>
    <ClInclude Include="VectorDrawing.h">
      <Filter>头文件</Filter>
    </ClInclude>
    <ClInclude Include="VectorDrawingDlg.h">
      <Filter>头文件</Filter>
    </ClInclude>
    <ClInclude Include="framework.h">
      <Filter>头文件</Filter>
    </ClInclude>
    <ClInclude Include="targetver.h">
      <Filter>头文件</Filter>
    </ClInclude>
    <ClInclude Include="Resource.h">
      <Filter>头文件</Filter>
    </ClInclude>
    <ClInclude Include="pch.h">
      <Filter>头文件</Filter>
    </ClInclude>
    <ClInclude Include="Pen_Setting_Dlg.h">
      <Filter>头文件</Filter>
    </ClInclude>
    <ClInclude Include="Draw_Point_Dlg.h">
      <Filter>头文件</Filter>
    </ClInclude>
    <ClInclude Include="CMyData.h">
      <Filter>头文件</Filter>
    </ClInclude>
    <ClInclude Include="CMyPoint.h">
      <Filter>头文件</Filter>
    </ClInclude>
    <ClInclude Include="CMyLine.h">
      <Filter>头文件</Filter>
    </ClInclude>
    <ClInclude Include="Draw_Line_Dlg.h">
      <Filter>头文件</Filter>
    </ClInclude>
    <ClInclude Include="CMyCircle.h">
      <Filter>头文件</Filter>
    </ClInclude>
    <ClInclude Include="Draw_Circle_Dlg.h">
      <Filter>头文件</Filter>
    </ClInclude>
    <ClInclude Include="Outline_Setting_Dlg.h">
      <Filter>头文件</Filter>
    </ClInclude>
    <ClInclude Include="CMyPolygon.h">
      <Filter>头文件</Filter>
    </ClInclude>
    <ClInclude Include="Draw_Polygon_Dlg.h">
      <Filter>头文件</Filter>
    </ClInclude>
    <ClInclude Include="CalculatorFunc.h">
      <Filter>头文件</Filter>
    </ClInclude>
    <ClInclude Include="Draw_Func_Dlg.h">
      <Filter>头文件</Filter>
    </ClInclude>
    <ClInclude Include="Add_Func_Dlg.h">
      <Filter>头文件</Filter>
    </ClInclude>
    <ClInclude Include="CMyFunc.h">
      <Filter>头文件</Filter>
    </ClInclude>
    <ClInclude Include="Board_Setting_Dlg.h">
      <Filter>头文件</Filter>
    </ClInclude>
    <ClInclude Include="Point_Moving_Dlg.h">
      <Filter>头文件</Filter>
    </ClInclude>
    <ClInclude Include="Point_Symmetry1_Dlg.h">
      <Filter>头文件</Filter>
    </ClInclude>
    <ClInclude Include="Point_Symmetry2_Dlg.h">
      <Filter>头文件</Filter>
    </ClInclude>
    <ClInclude Include="Style_Setting_Dlg.h">
      <Filter>头文件</Filter>
    </ClInclude>
    <ClInclude Include="Intersection_Dlg.h">
      <Filter>头文件</Filter>
    </ClInclude>
    <ClInclude Include="Draw_Elliptic_Dlg.h">
      <Filter>头文件</Filter>
    </ClInclude>
    <ClInclude Include="Draw_Hyperbola_Dlg.h">
      <Filter>头文件</Filter>
    </ClInclude>
    <ClInclude Include="Draw_Heartline_Dlg.h">
      <Filter>头文件</Filter>
    </ClInclude>
  </ItemGroup>
  <ItemGroup>
    <ClCompile Include="VectorDrawing.cpp">
      <Filter>源文件</Filter>
    </ClCompile>
    <ClCompile Include="VectorDrawingDlg.cpp">
      <Filter>源文件</Filter>
    </ClCompile>
    <ClCompile Include="pch.cpp">
      <Filter>源文件</Filter>
    </ClCompile>
    <ClCompile Include="Pen_Setting_Dlg.cpp">
      <Filter>源文件</Filter>
    </ClCompile>
    <ClCompile Include="Draw_Point_Dlg.cpp">
      <Filter>源文件</Filter>
    </ClCompile>
    <ClCompile Include="CMyData.cpp">
      <Filter>源文件</Filter>
    </ClCompile>
    <ClCompile Include="CMyPoint.cpp">
      <Filter>源文件</Filter>
    </ClCompile>
    <ClCompile Include="CMyLine.cpp">
      <Filter>源文件</Filter>
    </ClCompile>
    <ClCompile Include="Draw_Line_Dlg.cpp">
      <Filter>源文件</Filter>
    </ClCompile>
    <ClCompile Include="CMyCircle.cpp">
      <Filter>源文件</Filter>
    </ClCompile>
    <ClCompile Include="Draw_Circle_Dlg.cpp">
      <Filter>源文件</Filter>
    </ClCompile>
    <ClCompile Include="Outline_Setting_Dlg.cpp">
      <Filter>源文件</Filter>
    </ClCompile>
    <ClCompile Include="CMyPolygon.cpp">
      <Filter>源文件</Filter>
    </ClCompile>
    <ClCompile Include="Draw_Polygon_Dlg.cpp">
      <Filter>源文件</Filter>
    </ClCompile>
    <ClCompile Include="CalculatorFunc.cpp">
      <Filter>源文件</Filter>
    </ClCompile>
    <ClCompile Include="Draw_Func_Dlg.cpp">
      <Filter>源文件</Filter>
    </ClCompile>
    <ClCompile Include="Add_Func_Dlg.cpp">
      <Filter>源文件</Filter>
    </ClCompile>
    <ClCompile Include="CMyFunc.cpp">
      <Filter>源文件</Filter>
    </ClCompile>
    <ClCompile Include="Board_Setting_Dlg.cpp">
      <Filter>源文件</Filter>
    </ClCompile>
    <ClCompile Include="Point_Moving_Dlg.cpp">
      <Filter>源文件</Filter>
    </ClCompile>
    <ClCompile Include="Point_Symmetry1_Dlg.cpp">
      <Filter>源文件</Filter>
    </ClCompile>
    <ClCompile Include="Point_Symmetry2_Dlg.cpp">
      <Filter>源文件</Filter>
    </ClCompile>
    <ClCompile Include="Style_Setting_Dlg.cpp">
      <Filter>源文件</Filter>
    </ClCompile>
    <ClCompile Include="Intersection_Dlg.cpp">
      <Filter>源文件</Filter>
    </ClCompile>
    <ClCompile Include="Draw_Elliptic_Dlg.cpp">
      <Filter>源文件</Filter>
    </ClCompile>
    <ClCompile Include="Draw_Hyperbola_Dlg.cpp">
      <Filter>源文件</Filter>
    </ClCompile>
    <ClCompile Include="Draw_Heartline_Dlg.cpp">
      <Filter>源文件</Filter>
    </ClCompile>
  </ItemGroup>
  <ItemGroup>
    <ResourceCompile Include="VectorDrawing.rc">
      <Filter>资源文件</Filter>
    </ResourceCompile>
  </ItemGroup>
  <ItemGroup>
    <None Include="res\VectorDrawing.rc2">
      <Filter>资源文件</Filter>
    </None>
    <None Include="ClassDiagram.cd" />
  </ItemGroup>
  <ItemGroup>
    <Image Include="res\VectorDrawing.ico">
      <Filter>资源文件</Filter>
    </Image>
    <Image Include="res\bitmap1.bmp">
      <Filter>资源文件</Filter>
    </Image>
    <Image Include="res\bitmap2.bmp">
      <Filter>资源文件</Filter>
    </Image>
    <Image Include="res\bitmap3.bmp">
      <Filter>资源文件</Filter>
    </Image>
    <Image Include="res\bitmap4.bmp">
      <Filter>资源文件</Filter>
    </Image>
    <Image Include="res\bitmap5.bmp">
      <Filter>资源文件</Filter>
    </Image>
  </ItemGroup>
</Project>